
Microsoft Visual Studio Solution File, Format Version 12.00
# Visual Studio Version 16
VisualStudioVersion = 16.0.33027.164
MinimumVisualStudioVersion = 10.0.40219.1
Project("{FAE04EC0-301F-11D3-BF4B-00C04F79EFBC}") = "WPFosztas", "WPFosztas\WPFosztas.csproj", "{3ECEDB9B-59C4-46D1-8AC8-20ECF312644F}"
EndProject
Project("{FAE04EC0-301F-11D3-BF4B-00C04F79EFBC}") = "TesztOsztas", "TesztOsztas\TesztOsztas.csproj", "{B4ABB15C-6157-48F8-9F10-0BA6AA8D5744}"
EndProject
Global
	GlobalSection(SolutionConfigurationPlatforms) = preSolution
		Debug|Any CPU = Debug|Any CPU
		Release|Any CPU = Release|Any CPU
	EndGlobalSection
	GlobalSection(ProjectConfigurationPlatforms) = postSolution
		{3ECEDB9B-59C4-46D1-8AC8-20ECF312644F}.Debug|Any CPU.ActiveCfg = Debug|Any CPU
		{3ECEDB9B-59C4-46D1-8AC8-20ECF312644F}.Debug|Any CPU.Build.0 = Debug|Any CPU
		{3ECEDB9B-59C4-46D1-8AC8-20ECF312644F}.Release|Any CPU.ActiveCfg = Release|Any CPU
		{3ECEDB9B-59C4-46D1-8AC8-20ECF312644F}.Release|Any CPU.Build.0 = Release|Any CPU
		{B4ABB15C-6157-48F8-9F10-0BA6AA8D5744}.Debug|Any CPU.ActiveCfg = Debug|Any CPU
		{B4ABB15C-6157-48F8-9F10-0BA6AA8D5744}.Debug|Any CPU.Build.0 = Debug|Any CPU
		{B4ABB15C-6157-48F8-9F10-0BA6AA8D5744}.Release|Any CPU.ActiveCfg = Release|Any CPU
		{B4ABB15C-6157-48F8-9F10-0BA6AA8D5744}.Release|Any CPU.Build.0 = Release|Any CPU
	EndGlobalSection
	GlobalSection(SolutionProperties) = preSolution
		HideSolutionNode = FALSE
	EndGlobalSection
	GlobalSection(ExtensibilityGlobals) = postSolution
		SolutionGuid = {94F9B901-381A-4228-9E2E-6205D720A9F4}
	EndGlobalSection
EndGlobal
