
Microsoft Visual Studio Solution File, Format Version 12.00
# Visual Studio Version 16
VisualStudioVersion = 16.0.32901.82
MinimumVisualStudioVersion = 10.0.40219.1
Project("{FAE04EC0-301F-11D3-BF4B-00C04F79EFBC}") = "karacsonyCLI", "karacsonyCLI\karacsonyCLI.csproj", "{A81FDAD0-FD8B-40C9-9DD5-2812897EF90E}"
EndProject
Global
	GlobalSection(SolutionConfigurationPlatforms) = preSolution
		Debug|Any CPU = Debug|Any CPU
		Release|Any CPU = Release|Any CPU
	EndGlobalSection
	GlobalSection(ProjectConfigurationPlatforms) = postSolution
		{A81FDAD0-FD8B-40C9-9DD5-2812897EF90E}.Debug|Any CPU.ActiveCfg = Debug|Any CPU
		{A81FDAD0-FD8B-40C9-9DD5-2812897EF90E}.Debug|Any CPU.Build.0 = Debug|Any CPU
		{A81FDAD0-FD8B-40C9-9DD5-2812897EF90E}.Release|Any CPU.ActiveCfg = Release|Any CPU
		{A81FDAD0-FD8B-40C9-9DD5-2812897EF90E}.Release|Any CPU.Build.0 = Release|Any CPU
	EndGlobalSection
	GlobalSection(SolutionProperties) = preSolution
		HideSolutionNode = FALSE
	EndGlobalSection
	GlobalSection(ExtensibilityGlobals) = postSolution
		SolutionGuid = {FE2C4FC2-CAD0-4B89-9467-28DBA818E1D2}
	EndGlobalSection
EndGlobal
